// !$*UTF8*$!
{
	archiveVersion = 1;
	classes = {
	};
	objectVersion = 46;
	objects = {

/* Begin PBXBuildFile section */
		DE54B78436A6BF9B132950D7 /* Pods_kRGBDemo.framework in Frameworks */ = {isa = PBXBuildFile; fileRef = C839B0C5F9836AB655426F54 /* Pods_kRGBDemo.framework */; };
		EBF306461F72136E00F2378E /* AppDelegate.swift in Sources */ = {isa = PBXBuildFile; fileRef = EBF306451F72136E00F2378E /* AppDelegate.swift */; };
		EBF306481F72136E00F2378E /* ViewController.swift in Sources */ = {isa = PBXBuildFile; fileRef = EBF306471F72136E00F2378E /* ViewController.swift */; };
		EBF3064B1F72136E00F2378E /* Main.storyboard in Resources */ = {isa = PBXBuildFile; fileRef = EBF306491F72136E00F2378E /* Main.storyboard */; };
		EBF3064D1F72136E00F2378E /* Assets.xcassets in Resources */ = {isa = PBXBuildFile; fileRef = EBF3064C1F72136E00F2378E /* Assets.xcassets */; };
		EBF306501F72136E00F2378E /* LaunchScreen.storyboard in Resources */ = {isa = PBXBuildFile; fileRef = EBF3064E1F72136E00F2378E /* LaunchScreen.storyboard */; };
/* End PBXBuildFile section */

/* Begin PBXFileReference section */
		C839B0C5F9836AB655426F54 /* Pods_kRGBDemo.framework */ = {isa = PBXFileReference; explicitFileType = wrapper.framework; includeInIndex = 0; path = Pods_kRGBDemo.framework; sourceTree = BUILT_PRODUCTS_DIR; };
		DDBD1D3E52DC436A479B58BA /* Pods-kRGBDemo.debug.xcconfig */ = {isa = PBXFileReference; includeInIndex = 1; lastKnownFileType = text.xcconfig; name = "Pods-kRGBDemo.debug.xcconfig"; path = "Pods/Target Support Files/Pods-kRGBDemo/Pods-kRGBDemo.debug.xcconfig"; sourceTree = "<group>"; };
		EBF306421F72136E00F2378E /* kRGBDemo.app */ = {isa = PBXFileReference; explicitFileType = wrapper.application; includeInIndex = 0; path = kRGBDemo.app; sourceTree = BUILT_PRODUCTS_DIR; };
		EBF306451F72136E00F2378E /* AppDelegate.swift */ = {isa = PBXFileReference; lastKnownFileType = sourcecode.swift; path = AppDelegate.swift; sourceTree = "<group>"; };
		EBF306471F72136E00F2378E /* ViewController.swift */ = {isa = PBXFileReference; lastKnownFileType = sourcecode.swift; path = ViewController.swift; sourceTree = "<group>"; };
		EBF3064A1F72136E00F2378E /* Base */ = {isa = PBXFileReference; lastKnownFileType = file.storyboard; name = Base; path = Base.lproj/Main.storyboard; sourceTree = "<group>"; };
		EBF3064C1F72136E00F2378E /* Assets.xcassets */ = {isa = PBXFileReference; lastKnownFileType = folder.assetcatalog; path = Assets.xcassets; sourceTree = "<group>"; };
		EBF3064F1F72136E00F2378E /* Base */ = {isa = PBXFileReference; lastKnownFileType = file.storyboard; name = Base; path = Base.lproj/LaunchScreen.storyboard; sourceTree = "<group>"; };
		EBF306511F72136E00F2378E /* Info.plist */ = {isa = PBXFileReference; lastKnownFileType = text.plist.xml; path = Info.plist; sourceTree = "<group>"; };
		F5ABA0D0639F4899FC5D384C /* Pods-kRGBDemo.release.xcconfig */ = {isa = PBXFileReference; includeInIndex = 1; lastKnownFileType = text.xcconfig; name = "Pods-kRGBDemo.release.xcconfig"; path = "Pods/Target Support Files/Pods-kRGBDemo/Pods-kRGBDemo.release.xcconfig"; sourceTree = "<group>"; };
/* End PBXFileReference section */

/* Begin PBXFrameworksBuildPhase section */
		EBF3063F1F72136E00F2378E /* Frameworks */ = {
			isa = PBXFrameworksBuildPhase;
			buildActionMask = 2147483647;
			files = (
				DE54B78436A6BF9B132950D7 /* Pods_kRGBDemo.framework in Frameworks */,
			);
			runOnlyForDeploymentPostprocessing = 0;
		};
/* End PBXFrameworksBuildPhase section */

/* Begin PBXGroup section */
		1F41B5F58879ED018499E497 /* Pods */ = {
			isa = PBXGroup;
			children = (
				DDBD1D3E52DC436A479B58BA /* Pods-kRGBDemo.debug.xcconfig */,
				F5ABA0D0639F4899FC5D384C /* Pods-kRGBDemo.release.xcconfig */,
			);
			name = Pods;
			sourceTree = "<group>";
		};
		9967E7B1AFD4322611125A75 /* Frameworks */ = {
			isa = PBXGroup;
			children = (
				C839B0C5F9836AB655426F54 /* Pods_kRGBDemo.framework */,
			);
			name = Frameworks;
			sourceTree = "<group>";
		};
		EBF306391F72136E00F2378E = {
			isa = PBXGroup;
			children = (
				EBF306441F72136E00F2378E /* kRGBDemo */,
				EBF306431F72136E00F2378E /* Products */,
				1F41B5F58879ED018499E497 /* Pods */,
				9967E7B1AFD4322611125A75 /* Frameworks */,
			);
			sourceTree = "<group>";
		};
		EBF306431F72136E00F2378E /* Products */ = {
			isa = PBXGroup;
			children = (
				EBF306421F72136E00F2378E /* kRGBDemo.app */,
			);
			name = Products;
			sourceTree = "<group>";
		};
		EBF306441F72136E00F2378E /* kRGBDemo */ = {
			isa = PBXGroup;
			children = (
				EBF306451F72136E00F2378E /* AppDelegate.swift */,
				EBF306471F72136E00F2378E /* ViewController.swift */,
				EBF306491F72136E00F2378E /* Main.storyboard */,
				EBF3064C1F72136E00F2378E /* Assets.xcassets */,
				EBF3064E1F72136E00F2378E /* LaunchScreen.storyboard */,
				EBF306511F72136E00F2378E /* Info.plist */,
			);
			path = kRGBDemo;
			sourceTree = "<group>";
		};
/* End PBXGroup section */

/* Begin PBXNativeTarget section */
		EBF306411F72136E00F2378E /* kRGBDemo */ = {
			isa = PBXNativeTarget;
			buildConfigurationList = EBF306541F72136E00F2378E /* Build configuration list for PBXNativeTarget "kRGBDemo" */;
			buildPhases = (
				91CE627C4E3701ACB1F5960D /* [CP] Check Pods Manifest.lock */,
				EBF3063E1F72136E00F2378E /* Sources */,
				EBF3063F1F72136E00F2378E /* Frameworks */,
				EBF306401F72136E00F2378E /* Resources */,
				65A7DBCA6853A26F6EBCD344 /* [CP] Embed Pods Frameworks */,
				BDBA5B5D2236DFECC58A48F2 /* [CP] Copy Pods Resources */,
			);
			buildRules = (
			);
			dependencies = (
			);
			name = kRGBDemo;
			productName = kRGBDemo;
			productReference = EBF306421F72136E00F2378E /* kRGBDemo.app */;
			productType = "com.apple.product-type.application";
		};
/* End PBXNativeTarget section */

/* Begin PBXProject section */
		EBF3063A1F72136E00F2378E /* Project object */ = {
			isa = PBXProject;
			attributes = {
				LastSwiftUpdateCheck = 0830;
				LastUpgradeCheck = 0830;
				ORGANIZATIONNAME = KOi;
				TargetAttributes = {
					EBF306411F72136E00F2378E = {
						CreatedOnToolsVersion = 8.3.3;
						DevelopmentTeam = E5C7MNVTB5;
						ProvisioningStyle = Automatic;
					};
				};
			};
			buildConfigurationList = EBF3063D1F72136E00F2378E /* Build configuration list for PBXProject "kRGBDemo" */;
			compatibilityVersion = "Xcode 3.2";
			developmentRegion = English;
			hasScannedForEncodings = 0;
			knownRegions = (
				en,
				Base,
			);
			mainGroup = EBF306391F72136E00F2378E;
			productRefGroup = EBF306431F72136E00F2378E /* Products */;
			projectDirPath = "";
			projectRoot = "";
			targets = (
				EBF306411F72136E00F2378E /* kRGBDemo */,
			);
		};
/* End PBXProject section */

/* Begin PBXResourcesBuildPhase section */
		EBF306401F72136E00F2378E /* Resources */ = {
			isa = PBXResourcesBuildPhase;
			buildActionMask = 2147483647;
			files = (
				EBF306501F72136E00F2378E /* LaunchScreen.storyboard in Resources */,
				EBF3064D1F72136E00F2378E /* Assets.xcassets in Resources */,
				EBF3064B1F72136E00F2378E /* Main.storyboard in Resources */,
			);
			runOnlyForDeploymentPostprocessing = 0;
		};
/* End PBXResourcesBuildPhase section */

/* Begin PBXShellScriptBuildPhase section */
		65A7DBCA6853A26F6EBCD344 /* [CP] Embed Pods Frameworks */ = {
			isa = PBXShellScriptBuildPhase;
			buildActionMask = 2147483647;
			files = (
			);
			inputPaths = (
				"${SRCROOT}/Pods/Target Support Files/Pods-kRGBDemo/Pods-kRGBDemo-frameworks.sh",
				"${PODS_ROOT}/kRGBFramework/kRGBFramework.framework",
			);
			name = "[CP] Embed Pods Frameworks";
			outputPaths = (
				"${TARGET_BUILD_DIR}/${FRAMEWORKS_FOLDER_PATH}/kRGBFramework.framework",
			);
			runOnlyForDeploymentPostprocessing = 0;
			shellPath = /bin/sh;
			shellScript = "\"${SRCROOT}/Pods/Target Support Files/Pods-kRGBDemo/Pods-kRGBDemo-frameworks.sh\"\n";
			showEnvVarsInLog = 0;
		};
		91CE627C4E3701ACB1F5960D /* [CP] Check Pods Manifest.lock */ = {
			isa = PBXShellScriptBuildPhase;
			buildActionMask = 2147483647;
			files = (
			);
			inputPaths = (
				"${PODS_PODFILE_DIR_PATH}/Podfile.lock",
				"${PODS_ROOT}/Manifest.lock",
			);
			name = "[CP] Check Pods Manifest.lock";
			outputPaths = (
				"$(DERIVED_FILE_DIR)/Pods-kRGBDemo-checkManifestLockResult.txt",
			);
			runOnlyForDeploymentPostprocessing = 0;
			shellPath = /bin/sh;
			shellScript = "diff \"${PODS_PODFILE_DIR_PATH}/Podfile.lock\" \"${PODS_ROOT}/Manifest.lock\" > /dev/null\nif [ $? != 0 ] ; then\n    # print error to STDERR\n    echo \"error: The sandbox is not in sync with the Podfile.lock. Run 'pod install' or update your CocoaPods installation.\" >&2\n    exit 1\nfi\n# This output is used by Xcode 'outputs' to avoid re-running this script phase.\necho \"SUCCESS\" > \"${SCRIPT_OUTPUT_FILE_0}\"\n";
			showEnvVarsInLog = 0;
		};
		BDBA5B5D2236DFECC58A48F2 /* [CP] Copy Pods Resources */ = {
			isa = PBXShellScriptBuildPhase;
			buildActionMask = 2147483647;
			files = (
			);
			inputPaths = (
			);
			name = "[CP] Copy Pods Resources";
			outputPaths = (
			);
			runOnlyForDeploymentPostprocessing = 0;
			shellPath = /bin/sh;
			shellScript = "\"${SRCROOT}/Pods/Target Support Files/Pods-kRGBDemo/Pods-kRGBDemo-resources.sh\"\n";
			showEnvVarsInLog = 0;
		};
/* End PBXShellScriptBuildPhase section */

/* Begin PBXSourcesBuildPhase section */
		EBF3063E1F72136E00F2378E /* Sources */ = {
			isa = PBXSourcesBuildPhase;
			buildActionMask = 2147483647;
			files = (
				EBF306481F72136E00F2378E /* ViewController.swift in Sources */,
				EBF306461F72136E00F2378E /* AppDelegate.swift in Sources */,
			);
			runOnlyForDeploymentPostprocessing = 0;
		};
/* End PBXSourcesBuildPhase section */

/* Begin PBXVariantGroup section */
		EBF306491F72136E00F2378E /* Main.storyboard */ = {
			isa = PBXVariantGroup;
			children = (
				EBF3064A1F72136E00F2378E /* Base */,
			);
			name = Main.storyboard;
			sourceTree = "<group>";
		};
		EBF3064E1F72136E00F2378E /* LaunchScreen.storyboard */ = {
			isa = PBXVariantGroup;
			children = (
				EBF3064F1F72136E00F2378E /* Base */,
			);
			name = LaunchScreen.storyboard;
			sourceTree = "<group>";
		};
/* End PBXVariantGroup section */

/* Begin XCBuildConfiguration section */
		EBF306521F72136E00F2378E /* Debug */ = {
			isa = XCBuildConfiguration;
			buildSettings = {
				ALWAYS_SEARCH_USER_PATHS = NO;
				CLANG_ANALYZER_NONNULL = YES;
				CLANG_ANALYZER_NUMBER_OBJECT_CONVERSION = YES_AGGRESSIVE;
				CLANG_CXX_LANGUAGE_STANDARD = "gnu++0x";
				CLANG_CXX_LIBRARY = "libc++";
				CLANG_ENABLE_MODULES = YES;
				CLANG_ENABLE_OBJC_ARC = YES;
				CLANG_WARN_BOOL_CONVERSION = YES;
				CLANG_WARN_CONSTANT_CONVERSION = YES;
				CLANG_WARN_DIRECT_OBJC_ISA_USAGE = YES_ERROR;
				CLANG_WARN_DOCUMENTATION_COMMENTS = YES;
				CLANG_WARN_EMPTY_BODY = YES;
				CLANG_WARN_ENUM_CONVERSION = YES;
				CLANG_WARN_INFINITE_RECURSION = YES;
				CLANG_WARN_INT_CONVERSION = YES;
				CLANG_WARN_OBJC_ROOT_CLASS = YES_ERROR;
				CLANG_WARN_SUSPICIOUS_MOVE = YES;
				CLANG_WARN_UNREACHABLE_CODE = YES;
				CLANG_WARN__DUPLICATE_METHOD_MATCH = YES;
				"CODE_SIGN_IDENTITY[sdk=iphoneos*]" = "iPhone Developer";
				COPY_PHASE_STRIP = NO;
				DEBUG_INFORMATION_FORMAT = dwarf;
				ENABLE_STRICT_OBJC_MSGSEND = YES;
				ENABLE_TESTABILITY = YES;
				GCC_C_LANGUAGE_STANDARD = gnu99;
				GCC_DYNAMIC_NO_PIC = NO;
				GCC_NO_COMMON_BLOCKS = YES;
				GCC_OPTIMIZATION_LEVEL = 0;
				GCC_PREPROCESSOR_DEFINITIONS = (
					"DEBUG=1",
					"$(inherited)",
				);
				GCC_WARN_64_TO_32_BIT_CONVERSION = YES;
				GCC_WARN_ABOUT_RETURN_TYPE = YES_ERROR;
				GCC_WARN_UNDECLARED_SELECTOR = YES;
				GCC_WARN_UNINITIALIZED_AUTOS = YES_AGGRESSIVE;
				GCC_WARN_UNUSED_FUNCTION = YES;
				GCC_WARN_UNUSED_VARIABLE = YES;
				IPHONEOS_DEPLOYMENT_TARGET = 10.3;
				MTL_ENABLE_DEBUG_INFO = YES;
				ONLY_ACTIVE_ARCH = YES;
				SDKROOT = iphoneos;
				SWIFT_ACTIVE_COMPILATION_CONDITIONS = DEBUG;
				SWIFT_OPTIMIZATION_LEVEL = "-Onone";
				TARGETED_DEVICE_FAMILY = "1,2";
			};
			name = Debug;
		};
		EBF306531F72136E00F2378E /* Release */ = {
			isa = XCBuildConfiguration;
			buildSettings = {
				ALWAYS_SEARCH_USER_PATHS = NO;
				CLANG_ANALYZER_NONNULL = YES;
				CLANG_ANALYZER_NUMBER_OBJECT_CONVERSION = YES_AGGRESSIVE;
				CLANG_CXX_LANGUAGE_STANDARD = "gnu++0x";
				CLANG_CXX_LIBRARY = "libc++";
				CLANG_ENABLE_MODULES = YES;
				CLANG_ENABLE_OBJC_ARC = YES;
				CLANG_WARN_BOOL_CONVERSION = YES;
				CLANG_WARN_CONSTANT_CONVERSION = YES;
				CLANG_WARN_DIRECT_OBJC_ISA_USAGE = YES_ERROR;
				CLANG_WARN_DOCUMENTATION_COMMENTS = YES;
				CLANG_WARN_EMPTY_BODY = YES;
				CLANG_WARN_ENUM_CONVERSION = YES;
				CLANG_WARN_INFINITE_RECURSION = YES;
				CLANG_WARN_INT_CONVERSION = YES;
				CLANG_WARN_OBJC_ROOT_CLASS = YES_ERROR;
				CLANG_WARN_SUSPICIOUS_MOVE = YES;
				CLANG_WARN_UNREACHABLE_CODE = YES;
				CLANG_WARN__DUPLICATE_METHOD_MATCH = YES;
				"CODE_SIGN_IDENTITY[sdk=iphoneos*]" = "iPhone Developer";
				COPY_PHASE_STRIP = NO;
				DEBUG_INFORMATION_FORMAT = "dwarf-with-dsym";
				ENABLE_NS_ASSERTIONS = NO;
				ENABLE_STRICT_OBJC_MSGSEND = YES;
				GCC_C_LANGUAGE_STANDARD = gnu99;
				GCC_NO_COMMON_BLOCKS = YES;
				GCC_WARN_64_TO_32_BIT_CONVERSION = YES;
				GCC_WARN_ABOUT_RETURN_TYPE = YES_ERROR;
				GCC_WARN_UNDECLARED_SELECTOR = YES;
				GCC_WARN_UNINITIALIZED_AUTOS = YES_AGGRESSIVE;
				GCC_WARN_UNUSED_FUNCTION = YES;
				GCC_WARN_UNUSED_VARIABLE = YES;
				IPHONEOS_DEPLOYMENT_TARGET = 10.3;
				MTL_ENABLE_DEBUG_INFO = NO;
				SDKROOT = iphoneos;
				SWIFT_OPTIMIZATION_LEVEL = "-Owholemodule";
				TARGETED_DEVICE_FAMILY = "1,2";
				VALIDATE_PRODUCT = YES;
			};
			name = Release;
		};
		EBF306551F72136E00F2378E /* Debug */ = {
			isa = XCBuildConfiguration;
			baseConfigurationReference = DDBD1D3E52DC436A479B58BA /* Pods-kRGBDemo.debug.xcconfig */;
			buildSettings = {
				ASSETCATALOG_COMPILER_APPICON_NAME = AppIcon;
				DEVELOPMENT_TEAM = E5C7MNVTB5;
				INFOPLIST_FILE = kRGBDemo/Info.plist;
				LD_RUNPATH_SEARCH_PATHS = "$(inherited) @executable_path/Frameworks";
				PRODUCT_BUNDLE_IDENTIFIER = com.kRGBDemo;
				PRODUCT_NAME = "$(TARGET_NAME)";
				SWIFT_VERSION = 3.0;
			};
			name = Debug;
		};
		EBF306561F72136E00F2378E /* Release */ = {
			isa = XCBuildConfiguration;
			baseConfigurationReference = F5ABA0D0639F4899FC5D384C /* Pods-kRGBDemo.release.xcconfig */;
			buildSettings = {
				ASSETCATALOG_COMPILER_APPICON_NAME = AppIcon;
				DEVELOPMENT_TEAM = E5C7MNVTB5;
				INFOPLIST_FILE = kRGBDemo/Info.plist;
				LD_RUNPATH_SEARCH_PATHS = "$(inherited) @executable_path/Frameworks";
				PRODUCT_BUNDLE_IDENTIFIER = com.kRGBDemo;
				PRODUCT_NAME = "$(TARGET_NAME)";
				SWIFT_VERSION = 3.0;
			};
			name = Release;
		};
/* End XCBuildConfiguration section */

/* Begin XCConfigurationList section */
		EBF3063D1F72136E00F2378E /* Build configuration list for PBXProject "kRGBDemo" */ = {
			isa = XCConfigurationList;
			buildConfigurations = (
				EBF306521F72136E00F2378E /* Debug */,
				EBF306531F72136E00F2378E /* Release */,
			);
			defaultConfigurationIsVisible = 0;
			defaultConfigurationName = Release;
		};
		EBF306541F72136E00F2378E /* Build configuration list for PBXNativeTarget "kRGBDemo" */ = {
			isa = XCConfigurationList;
			buildConfigurations = (
				EBF306551F72136E00F2378E /* Debug */,
				EBF306561F72136E00F2378E /* Release */,
			);
			defaultConfigurationIsVisible = 0;
		};
/* End XCConfigurationList section */
	};
	rootObject = EBF3063A1F72136E00F2378E /* Project object */;
}
